// !$*UTF8*$!
{
	archiveVersion = 1;
	classes = {
	};
	objectVersion = 48;
	objects = {

/* Begin PBXBuildFile section */
		CE1AF66B20E7F44B003B96B7 /* CustomiseTableViewController.swift in Sources */ = {isa = PBXBuildFile; fileRef = CE1AF66A20E7F44B003B96B7 /* CustomiseTableViewController.swift */; };
		CE1AF66D20E7F460003B96B7 /* ResultsTableViewController.swift in Sources */ = {isa = PBXBuildFile; fileRef = CE1AF66C20E7F460003B96B7 /* ResultsTableViewController.swift */; };
		CE1F654020E71FE800718AAF /* AppDelegate.swift in Sources */ = {isa = PBXBuildFile; fileRef = CE1F653F20E71FE800718AAF /* AppDelegate.swift */; };
		CE1F654220E71FE800718AAF /* StartViewController.swift in Sources */ = {isa = PBXBuildFile; fileRef = CE1F654120E71FE800718AAF /* StartViewController.swift */; };
		CE1F654520E71FE800718AAF /* Main.storyboard in Resources */ = {isa = PBXBuildFile; fileRef = CE1F654320E71FE800718AAF /* Main.storyboard */; };
		CE1F654720E71FE800718AAF /* Assets.xcassets in Resources */ = {isa = PBXBuildFile; fileRef = CE1F654620E71FE800718AAF /* Assets.xcassets */; };
		CE1F654A20E71FE800718AAF /* LaunchScreen.storyboard in Resources */ = {isa = PBXBuildFile; fileRef = CE1F654820E71FE800718AAF /* LaunchScreen.storyboard */; };
		CE1F655520E71FE900718AAF /* ClickerTests.swift in Sources */ = {isa = PBXBuildFile; fileRef = CE1F655420E71FE900718AAF /* ClickerTests.swift */; };
		CE1F656020E71FE900718AAF /* ClickerUITests.swift in Sources */ = {isa = PBXBuildFile; fileRef = CE1F655F20E71FE900718AAF /* ClickerUITests.swift */; };
		CE1F658C20E72D1B00718AAF /* DesignableImageView.swift in Sources */ = {isa = PBXBuildFile; fileRef = CE1F656E20E72D1B00718AAF /* DesignableImageView.swift */; };
		CE1F658D20E72D1B00718AAF /* KeyboardLayoutConstraint.swift in Sources */ = {isa = PBXBuildFile; fileRef = CE1F656F20E72D1B00718AAF /* KeyboardLayoutConstraint.swift */; };
		CE1F658E20E72D1B00718AAF /* TransitionManager.swift in Sources */ = {isa = PBXBuildFile; fileRef = CE1F657020E72D1B00718AAF /* TransitionManager.swift */; };
		CE1F658F20E72D1B00718AAF /* TransitionZoom.swift in Sources */ = {isa = PBXBuildFile; fileRef = CE1F657120E72D1B00718AAF /* TransitionZoom.swift */; };
		CE1F659020E72D1B00718AAF /* ImageLoader.swift in Sources */ = {isa = PBXBuildFile; fileRef = CE1F657220E72D1B00718AAF /* ImageLoader.swift */; };
		CE1F659120E72D1B00718AAF /* Spring.swift in Sources */ = {isa = PBXBuildFile; fileRef = CE1F657320E72D1B00718AAF /* Spring.swift */; };
		CE1F659220E72D1B00718AAF /* SpringImageView.swift in Sources */ = {isa = PBXBuildFile; fileRef = CE1F657420E72D1B00718AAF /* SpringImageView.swift */; };
		CE1F659320E72D1B00718AAF /* DesignableLabel.swift in Sources */ = {isa = PBXBuildFile; fileRef = CE1F657520E72D1B00718AAF /* DesignableLabel.swift */; };
		CE1F659420E72D1B00718AAF /* SoundPlayer.swift in Sources */ = {isa = PBXBuildFile; fileRef = CE1F657620E72D1B00718AAF /* SoundPlayer.swift */; };
		CE1F659520E72D1B00718AAF /* BlurView.swift in Sources */ = {isa = PBXBuildFile; fileRef = CE1F657720E72D1B00718AAF /* BlurView.swift */; };
		CE1F659620E72D1B00718AAF /* DesignableTextField.swift in Sources */ = {isa = PBXBuildFile; fileRef = CE1F657820E72D1B00718AAF /* DesignableTextField.swift */; };
		CE1F659720E72D1B00718AAF /* SpringButton.swift in Sources */ = {isa = PBXBuildFile; fileRef = CE1F657920E72D1B00718AAF /* SpringButton.swift */; };
		CE1F659820E72D1B00718AAF /* SpringTextView.swift in Sources */ = {isa = PBXBuildFile; fileRef = CE1F657A20E72D1B00718AAF /* SpringTextView.swift */; };
		CE1F659920E72D1B00718AAF /* Misc.swift in Sources */ = {isa = PBXBuildFile; fileRef = CE1F657B20E72D1B00718AAF /* Misc.swift */; };
		CE1F659A20E72D1B00718AAF /* SpringView.swift in Sources */ = {isa = PBXBuildFile; fileRef = CE1F657C20E72D1B00718AAF /* SpringView.swift */; };
		CE1F659B20E72D1B00718AAF /* DesignableButton.swift in Sources */ = {isa = PBXBuildFile; fileRef = CE1F657D20E72D1B00718AAF /* DesignableButton.swift */; };
		CE1F659C20E72D1B00718AAF /* SpringTextField.swift in Sources */ = {isa = PBXBuildFile; fileRef = CE1F657E20E72D1B00718AAF /* SpringTextField.swift */; };
		CE1F659D20E72D1B00718AAF /* DesignableView.swift in Sources */ = {isa = PBXBuildFile; fileRef = CE1F657F20E72D1B00718AAF /* DesignableView.swift */; };
		CE1F659E20E72D1B00718AAF /* DesignableTabBarController.swift in Sources */ = {isa = PBXBuildFile; fileRef = CE1F658020E72D1B00718AAF /* DesignableTabBarController.swift */; };
		CE1F659F20E72D1B00718AAF /* AsyncButton.swift in Sources */ = {isa = PBXBuildFile; fileRef = CE1F658120E72D1B00718AAF /* AsyncButton.swift */; };
		CE1F65A020E72D1B00718AAF /* LoadingView.xib in Resources */ = {isa = PBXBuildFile; fileRef = CE1F658220E72D1B00718AAF /* LoadingView.xib */; };
		CE1F65A120E72D1B00718AAF /* SpringLabel.swift in Sources */ = {isa = PBXBuildFile; fileRef = CE1F658320E72D1B00718AAF /* SpringLabel.swift */; };
		CE1F65A220E72D1B00718AAF /* DesignableTextView.swift in Sources */ = {isa = PBXBuildFile; fileRef = CE1F658520E72D1B00718AAF /* DesignableTextView.swift */; };
		CE1F65A320E72D1B00718AAF /* AutoTextView.swift in Sources */ = {isa = PBXBuildFile; fileRef = CE1F658620E72D1B00718AAF /* AutoTextView.swift */; };
		CE1F65A420E72D1B00718AAF /* SpringAnimation.swift in Sources */ = {isa = PBXBuildFile; fileRef = CE1F658720E72D1B00718AAF /* SpringAnimation.swift */; };
		CE1F65A520E72D1B00718AAF /* UnwindSegue.swift in Sources */ = {isa = PBXBuildFile; fileRef = CE1F658820E72D1B00718AAF /* UnwindSegue.swift */; };
		CE1F65A620E72D1B00718AAF /* LoadingView.swift in Sources */ = {isa = PBXBuildFile; fileRef = CE1F658920E72D1B00718AAF /* LoadingView.swift */; };
		CE1F65A720E72D1B00718AAF /* Info.plist in Resources */ = {isa = PBXBuildFile; fileRef = CE1F658A20E72D1B00718AAF /* Info.plist */; };
		CE1F65A820E72D1B00718AAF /* AsyncImageView.swift in Sources */ = {isa = PBXBuildFile; fileRef = CE1F658B20E72D1B00718AAF /* AsyncImageView.swift */; };
		CE1F65AA20E73EAF00718AAF /* GameViewController.swift in Sources */ = {isa = PBXBuildFile; fileRef = CE1F65A920E73EAF00718AAF /* GameViewController.swift */; };
		CED63F3920F90C7200C41AD0 /* Struct.swift in Sources */ = {isa = PBXBuildFile; fileRef = CED63F3820F90C7200C41AD0 /* Struct.swift */; };
/* End PBXBuildFile section */

/* Begin PBXContainerItemProxy section */
		CE1F655120E71FE800718AAF /* PBXContainerItemProxy */ = {
			isa = PBXContainerItemProxy;
			containerPortal = CE1F653420E71FE800718AAF /* Project object */;
			proxyType = 1;
			remoteGlobalIDString = CE1F653B20E71FE800718AAF;
			remoteInfo = Clicker;
		};
		CE1F655C20E71FE900718AAF /* PBXContainerItemProxy */ = {
			isa = PBXContainerItemProxy;
			containerPortal = CE1F653420E71FE800718AAF /* Project object */;
			proxyType = 1;
			remoteGlobalIDString = CE1F653B20E71FE800718AAF;
			remoteInfo = Clicker;
		};
/* End PBXContainerItemProxy section */

/* Begin PBXFileReference section */
		CE1AF66A20E7F44B003B96B7 /* CustomiseTableViewController.swift */ = {isa = PBXFileReference; lastKnownFileType = sourcecode.swift; path = CustomiseTableViewController.swift; sourceTree = "<group>"; };
		CE1AF66C20E7F460003B96B7 /* ResultsTableViewController.swift */ = {isa = PBXFileReference; lastKnownFileType = sourcecode.swift; path = ResultsTableViewController.swift; sourceTree = "<group>"; };
		CE1F653C20E71FE800718AAF /* Clicker.app */ = {isa = PBXFileReference; explicitFileType = wrapper.application; includeInIndex = 0; path = Clicker.app; sourceTree = BUILT_PRODUCTS_DIR; };
		CE1F653F20E71FE800718AAF /* AppDelegate.swift */ = {isa = PBXFileReference; lastKnownFileType = sourcecode.swift; path = AppDelegate.swift; sourceTree = "<group>"; };
		CE1F654120E71FE800718AAF /* StartViewController.swift */ = {isa = PBXFileReference; lastKnownFileType = sourcecode.swift; path = StartViewController.swift; sourceTree = "<group>"; };
		CE1F654420E71FE800718AAF /* Base */ = {isa = PBXFileReference; lastKnownFileType = file.storyboard; name = Base; path = Base.lproj/Main.storyboard; sourceTree = "<group>"; };
		CE1F654620E71FE800718AAF /* Assets.xcassets */ = {isa = PBXFileReference; lastKnownFileType = folder.assetcatalog; path = Assets.xcassets; sourceTree = "<group>"; };
		CE1F654920E71FE800718AAF /* Base */ = {isa = PBXFileReference; lastKnownFileType = file.storyboard; name = Base; path = Base.lproj/LaunchScreen.storyboard; sourceTree = "<group>"; };
		CE1F654B20E71FE800718AAF /* Info.plist */ = {isa = PBXFileReference; lastKnownFileType = text.plist.xml; path = Info.plist; sourceTree = "<group>"; };
		CE1F655020E71FE800718AAF /* ClickerTests.xctest */ = {isa = PBXFileReference; explicitFileType = wrapper.cfbundle; includeInIndex = 0; path = ClickerTests.xctest; sourceTree = BUILT_PRODUCTS_DIR; };
		CE1F655420E71FE900718AAF /* ClickerTests.swift */ = {isa = PBXFileReference; lastKnownFileType = sourcecode.swift; path = ClickerTests.swift; sourceTree = "<group>"; };
		CE1F655620E71FE900718AAF /* Info.plist */ = {isa = PBXFileReference; lastKnownFileType = text.plist.xml; path = Info.plist; sourceTree = "<group>"; };
		CE1F655B20E71FE900718AAF /* ClickerUITests.xctest */ = {isa = PBXFileReference; explicitFileType = wrapper.cfbundle; includeInIndex = 0; path = ClickerUITests.xctest; sourceTree = BUILT_PRODUCTS_DIR; };
		CE1F655F20E71FE900718AAF /* ClickerUITests.swift */ = {isa = PBXFileReference; lastKnownFileType = sourcecode.swift; path = ClickerUITests.swift; sourceTree = "<group>"; };
		CE1F656120E71FE900718AAF /* Info.plist */ = {isa = PBXFileReference; lastKnownFileType = text.plist.xml; path = Info.plist; sourceTree = "<group>"; };
		CE1F656E20E72D1B00718AAF /* DesignableImageView.swift */ = {isa = PBXFileReference; fileEncoding = 4; lastKnownFileType = sourcecode.swift; path = DesignableImageView.swift; sourceTree = "<group>"; };
		CE1F656F20E72D1B00718AAF /* KeyboardLayoutConstraint.swift */ = {isa = PBXFileReference; fileEncoding = 4; lastKnownFileType = sourcecode.swift; path = KeyboardLayoutConstraint.swift; sourceTree = "<group>"; };
		CE1F657020E72D1B00718AAF /* TransitionManager.swift */ = {isa = PBXFileReference; fileEncoding = 4; lastKnownFileType = sourcecode.swift; path = TransitionManager.swift; sourceTree = "<group>"; };
		CE1F657120E72D1B00718AAF /* TransitionZoom.swift */ = {isa = PBXFileReference; fileEncoding = 4; lastKnownFileType = sourcecode.swift; path = TransitionZoom.swift; sourceTree = "<group>"; };
		CE1F657220E72D1B00718AAF /* ImageLoader.swift */ = {isa = PBXFileReference; fileEncoding = 4; lastKnownFileType = sourcecode.swift; path = ImageLoader.swift; sourceTree = "<group>"; };
		CE1F657320E72D1B00718AAF /* Spring.swift */ = {isa = PBXFileReference; fileEncoding = 4; lastKnownFileType = sourcecode.swift; path = Spring.swift; sourceTree = "<group>"; };
		CE1F657420E72D1B00718AAF /* SpringImageView.swift */ = {isa = PBXFileReference; fileEncoding = 4; lastKnownFileType = sourcecode.swift; path = SpringImageView.swift; sourceTree = "<group>"; };
		CE1F657520E72D1B00718AAF /* DesignableLabel.swift */ = {isa = PBXFileReference; fileEncoding = 4; lastKnownFileType = sourcecode.swift; path = DesignableLabel.swift; sourceTree = "<group>"; };
		CE1F657620E72D1B00718AAF /* SoundPlayer.swift */ = {isa = PBXFileReference; fileEncoding = 4; lastKnownFileType = sourcecode.swift; path = SoundPlayer.swift; sourceTree = "<group>"; };
		CE1F657720E72D1B00718AAF /* BlurView.swift */ = {isa = PBXFileReference; fileEncoding = 4; lastKnownFileType = sourcecode.swift; path = BlurView.swift; sourceTree = "<group>"; };
		CE1F657820E72D1B00718AAF /* DesignableTextField.swift */ = {isa = PBXFileReference; fileEncoding = 4; lastKnownFileType = sourcecode.swift; path = DesignableTextField.swift; sourceTree = "<group>"; };
		CE1F657920E72D1B00718AAF /* SpringButton.swift */ = {isa = PBXFileReference; fileEncoding = 4; lastKnownFileType = sourcecode.swift; path = SpringButton.swift; sourceTree = "<group>"; };
		CE1F657A20E72D1B00718AAF /* SpringTextView.swift */ = {isa = PBXFileReference; fileEncoding = 4; lastKnownFileType = sourcecode.swift; path = SpringTextView.swift; sourceTree = "<group>"; };
		CE1F657B20E72D1B00718AAF /* Misc.swift */ = {isa = PBXFileReference; fileEncoding = 4; lastKnownFileType = sourcecode.swift; path = Misc.swift; sourceTree = "<group>"; };
		CE1F657C20E72D1B00718AAF /* SpringView.swift */ = {isa = PBXFileReference; fileEncoding = 4; lastKnownFileType = sourcecode.swift; path = SpringView.swift; sourceTree = "<group>"; };
		CE1F657D20E72D1B00718AAF /* DesignableButton.swift */ = {isa = PBXFileReference; fileEncoding = 4; lastKnownFileType = sourcecode.swift; path = DesignableButton.swift; sourceTree = "<group>"; };
		CE1F657E20E72D1B00718AAF /* SpringTextField.swift */ = {isa = PBXFileReference; fileEncoding = 4; lastKnownFileType = sourcecode.swift; path = SpringTextField.swift; sourceTree = "<group>"; };
		CE1F657F20E72D1B00718AAF /* DesignableView.swift */ = {isa = PBXFileReference; fileEncoding = 4; lastKnownFileType = sourcecode.swift; path = DesignableView.swift; sourceTree = "<group>"; };
		CE1F658020E72D1B00718AAF /* DesignableTabBarController.swift */ = {isa = PBXFileReference; fileEncoding = 4; lastKnownFileType = sourcecode.swift; path = DesignableTabBarController.swift; sourceTree = "<group>"; };
		CE1F658120E72D1B00718AAF /* AsyncButton.swift */ = {isa = PBXFileReference; fileEncoding = 4; lastKnownFileType = sourcecode.swift; path = AsyncButton.swift; sourceTree = "<group>"; };
		CE1F658220E72D1B00718AAF /* LoadingView.xib */ = {isa = PBXFileReference; fileEncoding = 4; lastKnownFileType = file.xib; path = LoadingView.xib; sourceTree = "<group>"; };
		CE1F658320E72D1B00718AAF /* SpringLabel.swift */ = {isa = PBXFileReference; fileEncoding = 4; lastKnownFileType = sourcecode.swift; path = SpringLabel.swift; sourceTree = "<group>"; };
		CE1F658420E72D1B00718AAF /* Spring.h */ = {isa = PBXFileReference; fileEncoding = 4; lastKnownFileType = sourcecode.c.h; path = Spring.h; sourceTree = "<group>"; };
		CE1F658520E72D1B00718AAF /* DesignableTextView.swift */ = {isa = PBXFileReference; fileEncoding = 4; lastKnownFileType = sourcecode.swift; path = DesignableTextView.swift; sourceTree = "<group>"; };
		CE1F658620E72D1B00718AAF /* AutoTextView.swift */ = {isa = PBXFileReference; fileEncoding = 4; lastKnownFileType = sourcecode.swift; path = AutoTextView.swift; sourceTree = "<group>"; };
		CE1F658720E72D1B00718AAF /* SpringAnimation.swift */ = {isa = PBXFileReference; fileEncoding = 4; lastKnownFileType = sourcecode.swift; path = SpringAnimation.swift; sourceTree = "<group>"; };
		CE1F658820E72D1B00718AAF /* UnwindSegue.swift */ = {isa = PBXFileReference; fileEncoding = 4; lastKnownFileType = sourcecode.swift; path = UnwindSegue.swift; sourceTree = "<group>"; };
		CE1F658920E72D1B00718AAF /* LoadingView.swift */ = {isa = PBXFileReference; fileEncoding = 4; lastKnownFileType = sourcecode.swift; path = LoadingView.swift; sourceTree = "<group>"; };
		CE1F658A20E72D1B00718AAF /* Info.plist */ = {isa = PBXFileReference; fileEncoding = 4; lastKnownFileType = text.plist.xml; path = Info.plist; sourceTree = "<group>"; };
		CE1F658B20E72D1B00718AAF /* AsyncImageView.swift */ = {isa = PBXFileReference; fileEncoding = 4; lastKnownFileType = sourcecode.swift; path = AsyncImageView.swift; sourceTree = "<group>"; };
		CE1F65A920E73EAF00718AAF /* GameViewController.swift */ = {isa = PBXFileReference; lastKnownFileType = sourcecode.swift; path = GameViewController.swift; sourceTree = "<group>"; };
		CED63F3820F90C7200C41AD0 /* Struct.swift */ = {isa = PBXFileReference; lastKnownFileType = sourcecode.swift; path = Struct.swift; sourceTree = "<group>"; };
/* End PBXFileReference section */

/* Begin PBXFrameworksBuildPhase section */
		CE1F653920E71FE800718AAF /* Frameworks */ = {
			isa = PBXFrameworksBuildPhase;
			buildActionMask = 2147483647;
			files = (
			);
			runOnlyForDeploymentPostprocessing = 0;
		};
		CE1F654D20E71FE800718AAF /* Frameworks */ = {
			isa = PBXFrameworksBuildPhase;
			buildActionMask = 2147483647;
			files = (
			);
			runOnlyForDeploymentPostprocessing = 0;
		};
		CE1F655820E71FE900718AAF /* Frameworks */ = {
			isa = PBXFrameworksBuildPhase;
			buildActionMask = 2147483647;
			files = (
			);
			runOnlyForDeploymentPostprocessing = 0;
		};
/* End PBXFrameworksBuildPhase section */

/* Begin PBXGroup section */
		CE1F653320E71FE800718AAF = {
			isa = PBXGroup;
			children = (
				CE1F653E20E71FE800718AAF /* Clicker */,
				CE1F655320E71FE900718AAF /* ClickerTests */,
				CE1F655E20E71FE900718AAF /* ClickerUITests */,
				CE1F653D20E71FE800718AAF /* Products */,
			);
			sourceTree = "<group>";
		};
		CE1F653D20E71FE800718AAF /* Products */ = {
			isa = PBXGroup;
			children = (
				CE1F653C20E71FE800718AAF /* Clicker.app */,
				CE1F655020E71FE800718AAF /* ClickerTests.xctest */,
				CE1F655B20E71FE900718AAF /* ClickerUITests.xctest */,
			);
			name = Products;
			sourceTree = "<group>";
		};
		CE1F653E20E71FE800718AAF /* Clicker */ = {
			isa = PBXGroup;
			children = (
				CE1AF66C20E7F460003B96B7 /* ResultsTableViewController.swift */,
				CE1AF66A20E7F44B003B96B7 /* CustomiseTableViewController.swift */,
				CED63F3820F90C7200C41AD0 /* Struct.swift */,
				CE1F653F20E71FE800718AAF /* AppDelegate.swift */,
				CE1F654120E71FE800718AAF /* StartViewController.swift */,
				CE1F654320E71FE800718AAF /* Main.storyboard */,
				CE1F65A920E73EAF00718AAF /* GameViewController.swift */,
				CE1F654620E71FE800718AAF /* Assets.xcassets */,
				CE1F656D20E72D1B00718AAF /* Spring */,
				CE1F654820E71FE800718AAF /* LaunchScreen.storyboard */,
				CE1F654B20E71FE800718AAF /* Info.plist */,
			);
			path = Clicker;
			sourceTree = "<group>";
		};
		CE1F655320E71FE900718AAF /* ClickerTests */ = {
			isa = PBXGroup;
			children = (
				CE1F655420E71FE900718AAF /* ClickerTests.swift */,
				CE1F655620E71FE900718AAF /* Info.plist */,
			);
			path = ClickerTests;
			sourceTree = "<group>";
		};
		CE1F655E20E71FE900718AAF /* ClickerUITests */ = {
			isa = PBXGroup;
			children = (
				CE1F655F20E71FE900718AAF /* ClickerUITests.swift */,
				CE1F656120E71FE900718AAF /* Info.plist */,
			);
			path = ClickerUITests;
			sourceTree = "<group>";
		};
		CE1F656D20E72D1B00718AAF /* Spring */ = {
			isa = PBXGroup;
			children = (
				CE1F656E20E72D1B00718AAF /* DesignableImageView.swift */,
				CE1F656F20E72D1B00718AAF /* KeyboardLayoutConstraint.swift */,
				CE1F657020E72D1B00718AAF /* TransitionManager.swift */,
				CE1F657120E72D1B00718AAF /* TransitionZoom.swift */,
				CE1F657220E72D1B00718AAF /* ImageLoader.swift */,
				CE1F657320E72D1B00718AAF /* Spring.swift */,
				CE1F657420E72D1B00718AAF /* SpringImageView.swift */,
				CE1F657520E72D1B00718AAF /* DesignableLabel.swift */,
				CE1F657620E72D1B00718AAF /* SoundPlayer.swift */,
				CE1F657720E72D1B00718AAF /* BlurView.swift */,
				CE1F657820E72D1B00718AAF /* DesignableTextField.swift */,
				CE1F657920E72D1B00718AAF /* SpringButton.swift */,
				CE1F657A20E72D1B00718AAF /* SpringTextView.swift */,
				CE1F657B20E72D1B00718AAF /* Misc.swift */,
				CE1F657C20E72D1B00718AAF /* SpringView.swift */,
				CE1F657D20E72D1B00718AAF /* DesignableButton.swift */,
				CE1F657E20E72D1B00718AAF /* SpringTextField.swift */,
				CE1F657F20E72D1B00718AAF /* DesignableView.swift */,
				CE1F658020E72D1B00718AAF /* DesignableTabBarController.swift */,
				CE1F658120E72D1B00718AAF /* AsyncButton.swift */,
				CE1F658220E72D1B00718AAF /* LoadingView.xib */,
				CE1F658320E72D1B00718AAF /* SpringLabel.swift */,
				CE1F658420E72D1B00718AAF /* Spring.h */,
				CE1F658520E72D1B00718AAF /* DesignableTextView.swift */,
				CE1F658620E72D1B00718AAF /* AutoTextView.swift */,
				CE1F658720E72D1B00718AAF /* SpringAnimation.swift */,
				CE1F658820E72D1B00718AAF /* UnwindSegue.swift */,
				CE1F658920E72D1B00718AAF /* LoadingView.swift */,
				CE1F658A20E72D1B00718AAF /* Info.plist */,
				CE1F658B20E72D1B00718AAF /* AsyncImageView.swift */,
			);
			path = Spring;
			sourceTree = "<group>";
		};
/* End PBXGroup section */

/* Begin PBXNativeTarget section */
		CE1F653B20E71FE800718AAF /* Clicker */ = {
			isa = PBXNativeTarget;
			buildConfigurationList = CE1F656420E71FE900718AAF /* Build configuration list for PBXNativeTarget "Clicker" */;
			buildPhases = (
				CE1F653820E71FE800718AAF /* Sources */,
				CE1F653920E71FE800718AAF /* Frameworks */,
				CE1F653A20E71FE800718AAF /* Resources */,
			);
			buildRules = (
			);
			dependencies = (
			);
			name = Clicker;
			productName = Clicker;
			productReference = CE1F653C20E71FE800718AAF /* Clicker.app */;
			productType = "com.apple.product-type.application";
		};
		CE1F654F20E71FE800718AAF /* ClickerTests */ = {
			isa = PBXNativeTarget;
			buildConfigurationList = CE1F656720E71FE900718AAF /* Build configuration list for PBXNativeTarget "ClickerTests" */;
			buildPhases = (
				CE1F654C20E71FE800718AAF /* Sources */,
				CE1F654D20E71FE800718AAF /* Frameworks */,
				CE1F654E20E71FE800718AAF /* Resources */,
			);
			buildRules = (
			);
			dependencies = (
				CE1F655220E71FE800718AAF /* PBXTargetDependency */,
			);
			name = ClickerTests;
			productName = ClickerTests;
			productReference = CE1F655020E71FE800718AAF /* ClickerTests.xctest */;
			productType = "com.apple.product-type.bundle.unit-test";
		};
		CE1F655A20E71FE900718AAF /* ClickerUITests */ = {
			isa = PBXNativeTarget;
			buildConfigurationList = CE1F656A20E71FE900718AAF /* Build configuration list for PBXNativeTarget "ClickerUITests" */;
			buildPhases = (
				CE1F655720E71FE900718AAF /* Sources */,
				CE1F655820E71FE900718AAF /* Frameworks */,
				CE1F655920E71FE900718AAF /* Resources */,
			);
			buildRules = (
			);
			dependencies = (
				CE1F655D20E71FE900718AAF /* PBXTargetDependency */,
			);
			name = ClickerUITests;
			productName = ClickerUITests;
			productReference = CE1F655B20E71FE900718AAF /* ClickerUITests.xctest */;
			productType = "com.apple.product-type.bundle.ui-testing";
		};
/* End PBXNativeTarget section */

/* Begin PBXProject section */
		CE1F653420E71FE800718AAF /* Project object */ = {
			isa = PBXProject;
			attributes = {
				LastSwiftUpdateCheck = 0920;
				LastUpgradeCheck = 0920;
				ORGANIZATIONNAME = Sean;
				TargetAttributes = {
					CE1F653B20E71FE800718AAF = {
						CreatedOnToolsVersion = 9.2;
						ProvisioningStyle = Automatic;
					};
					CE1F654F20E71FE800718AAF = {
						CreatedOnToolsVersion = 9.2;
						ProvisioningStyle = Automatic;
						TestTargetID = CE1F653B20E71FE800718AAF;
					};
					CE1F655A20E71FE900718AAF = {
						CreatedOnToolsVersion = 9.2;
						ProvisioningStyle = Automatic;
						TestTargetID = CE1F653B20E71FE800718AAF;
					};
				};
			};
			buildConfigurationList = CE1F653720E71FE800718AAF /* Build configuration list for PBXProject "Clicker" */;
			compatibilityVersion = "Xcode 8.0";
			developmentRegion = en;
			hasScannedForEncodings = 0;
			knownRegions = (
				en,
				Base,
			);
			mainGroup = CE1F653320E71FE800718AAF;
			productRefGroup = CE1F653D20E71FE800718AAF /* Products */;
			projectDirPath = "";
			projectRoot = "";
			targets = (
				CE1F653B20E71FE800718AAF /* Clicker */,
				CE1F654F20E71FE800718AAF /* ClickerTests */,
				CE1F655A20E71FE900718AAF /* ClickerUITests */,
			);
		};
/* End PBXProject section */

/* Begin PBXResourcesBuildPhase section */
		CE1F653A20E71FE800718AAF /* Resources */ = {
			isa = PBXResourcesBuildPhase;
			buildActionMask = 2147483647;
			files = (
				CE1F654A20E71FE800718AAF /* LaunchScreen.storyboard in Resources */,
				CE1F65A020E72D1B00718AAF /* LoadingView.xib in Resources */,
				CE1F654720E71FE800718AAF /* Assets.xcassets in Resources */,
				CE1F65A720E72D1B00718AAF /* Info.plist in Resources */,
				CE1F654520E71FE800718AAF /* Main.storyboard in Resources */,
			);
			runOnlyForDeploymentPostprocessing = 0;
		};
		CE1F654E20E71FE800718AAF /* Resources */ = {
			isa = PBXResourcesBuildPhase;
			buildActionMask = 2147483647;
			files = (
			);
			runOnlyForDeploymentPostprocessing = 0;
		};
		CE1F655920E71FE900718AAF /* Resources */ = {
			isa = PBXResourcesBuildPhase;
			buildActionMask = 2147483647;
			files = (
			);
			runOnlyForDeploymentPostprocessing = 0;
		};
/* End PBXResourcesBuildPhase section */

/* Begin PBXSourcesBuildPhase section */
		CE1F653820E71FE800718AAF /* Sources */ = {
			isa = PBXSourcesBuildPhase;
			buildActionMask = 2147483647;
			files = (
				CE1F65A520E72D1B00718AAF /* UnwindSegue.swift in Sources */,
				CE1F65A120E72D1B00718AAF /* SpringLabel.swift in Sources */,
				CE1F659F20E72D1B00718AAF /* AsyncButton.swift in Sources */,
				CE1F659720E72D1B00718AAF /* SpringButton.swift in Sources */,
				CE1F659920E72D1B00718AAF /* Misc.swift in Sources */,
				CE1F65A620E72D1B00718AAF /* LoadingView.swift in Sources */,
				CE1F659320E72D1B00718AAF /* DesignableLabel.swift in Sources */,
				CE1F659020E72D1B00718AAF /* ImageLoader.swift in Sources */,
				CE1AF66D20E7F460003B96B7 /* ResultsTableViewController.swift in Sources */,
				CE1F659420E72D1B00718AAF /* SoundPlayer.swift in Sources */,
				CE1F654220E71FE800718AAF /* StartViewController.swift in Sources */,
				CE1F65AA20E73EAF00718AAF /* GameViewController.swift in Sources */,
				CE1AF66B20E7F44B003B96B7 /* CustomiseTableViewController.swift in Sources */,
				CE1F659A20E72D1B00718AAF /* SpringView.swift in Sources */,
				CE1F65A220E72D1B00718AAF /* DesignableTextView.swift in Sources */,
				CE1F659120E72D1B00718AAF /* Spring.swift in Sources */,
				CE1F65A820E72D1B00718AAF /* AsyncImageView.swift in Sources */,
				CE1F659D20E72D1B00718AAF /* DesignableView.swift in Sources */,
				CE1F659520E72D1B00718AAF /* BlurView.swift in Sources */,
				CE1F658E20E72D1B00718AAF /* TransitionManager.swift in Sources */,
				CE1F658D20E72D1B00718AAF /* KeyboardLayoutConstraint.swift in Sources */,
				CED63F3920F90C7200C41AD0 /* Struct.swift in Sources */,
				CE1F65A420E72D1B00718AAF /* SpringAnimation.swift in Sources */,
				CE1F659220E72D1B00718AAF /* SpringImageView.swift in Sources */,
				CE1F659E20E72D1B00718AAF /* DesignableTabBarController.swift in Sources */,
				CE1F658F20E72D1B00718AAF /* TransitionZoom.swift in Sources */,
				CE1F659C20E72D1B00718AAF /* SpringTextField.swift in Sources */,
				CE1F65A320E72D1B00718AAF /* AutoTextView.swift in Sources */,
				CE1F658C20E72D1B00718AAF /* DesignableImageView.swift in Sources */,
				CE1F659820E72D1B00718AAF /* SpringTextView.swift in Sources */,
				CE1F654020E71FE800718AAF /* AppDelegate.swift in Sources */,
				CE1F659620E72D1B00718AAF /* DesignableTextField.swift in Sources */,
				CE1F659B20E72D1B00718AAF /* DesignableButton.swift in Sources */,
			);
			runOnlyForDeploymentPostprocessing = 0;
		};
		CE1F654C20E71FE800718AAF /* Sources */ = {
			isa = PBXSourcesBuildPhase;
			buildActionMask = 2147483647;
			files = (
				CE1F655520E71FE900718AAF /* ClickerTests.swift in Sources */,
			);
			runOnlyForDeploymentPostprocessing = 0;
		};
		CE1F655720E71FE900718AAF /* Sources */ = {
			isa = PBXSourcesBuildPhase;
			buildActionMask = 2147483647;
			files = (
				CE1F656020E71FE900718AAF /* ClickerUITests.swift in Sources */,
			);
			runOnlyForDeploymentPostprocessing = 0;
		};
/* End PBXSourcesBuildPhase section */

/* Begin PBXTargetDependency section */
		CE1F655220E71FE800718AAF /* PBXTargetDependency */ = {
			isa = PBXTargetDependency;
			target = CE1F653B20E71FE800718AAF /* Clicker */;
			targetProxy = CE1F655120E71FE800718AAF /* PBXContainerItemProxy */;
		};
		CE1F655D20E71FE900718AAF /* PBXTargetDependency */ = {
			isa = PBXTargetDependency;
			target = CE1F653B20E71FE800718AAF /* Clicker */;
			targetProxy = CE1F655C20E71FE900718AAF /* PBXContainerItemProxy */;
		};
/* End PBXTargetDependency section */

/* Begin PBXVariantGroup section */
		CE1F654320E71FE800718AAF /* Main.storyboard */ = {
			isa = PBXVariantGroup;
			children = (
				CE1F654420E71FE800718AAF /* Base */,
			);
			name = Main.storyboard;
			sourceTree = "<group>";
		};
		CE1F654820E71FE800718AAF /* LaunchScreen.storyboard */ = {
			isa = PBXVariantGroup;
			children = (
				CE1F654920E71FE800718AAF /* Base */,
			);
			name = LaunchScreen.storyboard;
			sourceTree = "<group>";
		};
/* End PBXVariantGroup section */

/* Begin XCBuildConfiguration section */
		CE1F656220E71FE900718AAF /* Debug */ = {
			isa = XCBuildConfiguration;
			buildSettings = {
				ALWAYS_SEARCH_USER_PATHS = NO;
				CLANG_ANALYZER_NONNULL = YES;
				CLANG_ANALYZER_NUMBER_OBJECT_CONVERSION = YES_AGGRESSIVE;
				CLANG_CXX_LANGUAGE_STANDARD = "gnu++14";
				CLANG_CXX_LIBRARY = "libc++";
				CLANG_ENABLE_MODULES = YES;
				CLANG_ENABLE_OBJC_ARC = YES;
				CLANG_WARN_BLOCK_CAPTURE_AUTORELEASING = YES;
				CLANG_WARN_BOOL_CONVERSION = YES;
				CLANG_WARN_COMMA = YES;
				CLANG_WARN_CONSTANT_CONVERSION = YES;
				CLANG_WARN_DIRECT_OBJC_ISA_USAGE = YES_ERROR;
				CLANG_WARN_DOCUMENTATION_COMMENTS = YES;
				CLANG_WARN_EMPTY_BODY = YES;
				CLANG_WARN_ENUM_CONVERSION = YES;
				CLANG_WARN_INFINITE_RECURSION = YES;
				CLANG_WARN_INT_CONVERSION = YES;
				CLANG_WARN_NON_LITERAL_NULL_CONVERSION = YES;
				CLANG_WARN_OBJC_LITERAL_CONVERSION = YES;
				CLANG_WARN_OBJC_ROOT_CLASS = YES_ERROR;
				CLANG_WARN_RANGE_LOOP_ANALYSIS = YES;
				CLANG_WARN_STRICT_PROTOTYPES = YES;
				CLANG_WARN_SUSPICIOUS_MOVE = YES;
				CLANG_WARN_UNGUARDED_AVAILABILITY = YES_AGGRESSIVE;
				CLANG_WARN_UNREACHABLE_CODE = YES;
				CLANG_WARN__DUPLICATE_METHOD_MATCH = YES;
				CODE_SIGN_IDENTITY = "iPhone Developer";
				COPY_PHASE_STRIP = NO;
				DEBUG_INFORMATION_FORMAT = dwarf;
				ENABLE_STRICT_OBJC_MSGSEND = YES;
				ENABLE_TESTABILITY = YES;
				GCC_C_LANGUAGE_STANDARD = gnu11;
				GCC_DYNAMIC_NO_PIC = NO;
				GCC_NO_COMMON_BLOCKS = YES;
				GCC_OPTIMIZATION_LEVEL = 0;
				GCC_PREPROCESSOR_DEFINITIONS = (
					"DEBUG=1",
					"$(inherited)",
				);
				GCC_WARN_64_TO_32_BIT_CONVERSION = YES;
				GCC_WARN_ABOUT_RETURN_TYPE = YES_ERROR;
				GCC_WARN_UNDECLARED_SELECTOR = YES;
				GCC_WARN_UNINITIALIZED_AUTOS = YES_AGGRESSIVE;
				GCC_WARN_UNUSED_FUNCTION = YES;
				GCC_WARN_UNUSED_VARIABLE = YES;
				IPHONEOS_DEPLOYMENT_TARGET = 11.2;
				MTL_ENABLE_DEBUG_INFO = YES;
				ONLY_ACTIVE_ARCH = YES;
				SDKROOT = iphoneos;
				SWIFT_ACTIVE_COMPILATION_CONDITIONS = DEBUG;
				SWIFT_OPTIMIZATION_LEVEL = "-Onone";
			};
			name = Debug;
		};
		CE1F656320E71FE900718AAF /* Release */ = {
			isa = XCBuildConfiguration;
			buildSettings = {
				ALWAYS_SEARCH_USER_PATHS = NO;
				CLANG_ANALYZER_NONNULL = YES;
				CLANG_ANALYZER_NUMBER_OBJECT_CONVERSION = YES_AGGRESSIVE;
				CLANG_CXX_LANGUAGE_STANDARD = "gnu++14";
				CLANG_CXX_LIBRARY = "libc++";
				CLANG_ENABLE_MODULES = YES;
				CLANG_ENABLE_OBJC_ARC = YES;
				CLANG_WARN_BLOCK_CAPTURE_AUTORELEASING = YES;
				CLANG_WARN_BOOL_CONVERSION = YES;
				CLANG_WARN_COMMA = YES;
				CLANG_WARN_CONSTANT_CONVERSION = YES;
				CLANG_WARN_DIRECT_OBJC_ISA_USAGE = YES_ERROR;
				CLANG_WARN_DOCUMENTATION_COMMENTS = YES;
				CLANG_WARN_EMPTY_BODY = YES;
				CLANG_WARN_ENUM_CONVERSION = YES;
				CLANG_WARN_INFINITE_RECURSION = YES;
				CLANG_WARN_INT_CONVERSION = YES;
				CLANG_WARN_NON_LITERAL_NULL_CONVERSION = YES;
				CLANG_WARN_OBJC_LITERAL_CONVERSION = YES;
				CLANG_WARN_OBJC_ROOT_CLASS = YES_ERROR;
				CLANG_WARN_RANGE_LOOP_ANALYSIS = YES;
				CLANG_WARN_STRICT_PROTOTYPES = YES;
				CLANG_WARN_SUSPICIOUS_MOVE = YES;
				CLANG_WARN_UNGUARDED_AVAILABILITY = YES_AGGRESSIVE;
				CLANG_WARN_UNREACHABLE_CODE = YES;
				CLANG_WARN__DUPLICATE_METHOD_MATCH = YES;
				CODE_SIGN_IDENTITY = "iPhone Developer";
				COPY_PHASE_STRIP = NO;
				DEBUG_INFORMATION_FORMAT = "dwarf-with-dsym";
				ENABLE_NS_ASSERTIONS = NO;
				ENABLE_STRICT_OBJC_MSGSEND = YES;
				GCC_C_LANGUAGE_STANDARD = gnu11;
				GCC_NO_COMMON_BLOCKS = YES;
				GCC_WARN_64_TO_32_BIT_CONVERSION = YES;
				GCC_WARN_ABOUT_RETURN_TYPE = YES_ERROR;
				GCC_WARN_UNDECLARED_SELECTOR = YES;
				GCC_WARN_UNINITIALIZED_AUTOS = YES_AGGRESSIVE;
				GCC_WARN_UNUSED_FUNCTION = YES;
				GCC_WARN_UNUSED_VARIABLE = YES;
				IPHONEOS_DEPLOYMENT_TARGET = 11.2;
				MTL_ENABLE_DEBUG_INFO = NO;
				SDKROOT = iphoneos;
				SWIFT_OPTIMIZATION_LEVEL = "-Owholemodule";
				VALIDATE_PRODUCT = YES;
			};
			name = Release;
		};
		CE1F656520E71FE900718AAF /* Debug */ = {
			isa = XCBuildConfiguration;
			buildSettings = {
				ASSETCATALOG_COMPILER_APPICON_NAME = AppIcon;
				CODE_SIGN_STYLE = Automatic;
				DEVELOPMENT_TEAM = S5R4QX8SJS;
				INFOPLIST_FILE = Clicker/Info.plist;
				LD_RUNPATH_SEARCH_PATHS = "$(inherited) @executable_path/Frameworks";
				PRODUCT_BUNDLE_IDENTIFIER = com.derpydm.Clicker;
				PRODUCT_NAME = "$(TARGET_NAME)";
				SWIFT_VERSION = 4.0;
				TARGETED_DEVICE_FAMILY = "1,2";
			};
			name = Debug;
		};
		CE1F656620E71FE900718AAF /* Release */ = {
			isa = XCBuildConfiguration;
			buildSettings = {
				ASSETCATALOG_COMPILER_APPICON_NAME = AppIcon;
				CODE_SIGN_STYLE = Automatic;
				DEVELOPMENT_TEAM = S5R4QX8SJS;
				INFOPLIST_FILE = Clicker/Info.plist;
				LD_RUNPATH_SEARCH_PATHS = "$(inherited) @executable_path/Frameworks";
				PRODUCT_BUNDLE_IDENTIFIER = com.derpydm.Clicker;
				PRODUCT_NAME = "$(TARGET_NAME)";
				SWIFT_VERSION = 4.0;
				TARGETED_DEVICE_FAMILY = "1,2";
			};
			name = Release;
		};
		CE1F656820E71FE900718AAF /* Debug */ = {
			isa = XCBuildConfiguration;
			buildSettings = {
				ALWAYS_EMBED_SWIFT_STANDARD_LIBRARIES = YES;
				BUNDLE_LOADER = "$(TEST_HOST)";
				CODE_SIGN_STYLE = Automatic;
				DEVELOPMENT_TEAM = S5R4QX8SJS;
				INFOPLIST_FILE = ClickerTests/Info.plist;
				LD_RUNPATH_SEARCH_PATHS = "$(inherited) @executable_path/Frameworks @loader_path/Frameworks";
				PRODUCT_BUNDLE_IDENTIFIER = com.derpydm.ClickerTests;
				PRODUCT_NAME = "$(TARGET_NAME)";
				SWIFT_VERSION = 4.0;
				TARGETED_DEVICE_FAMILY = "1,2";
				TEST_HOST = "$(BUILT_PRODUCTS_DIR)/Clicker.app/Clicker";
			};
			name = Debug;
		};
		CE1F656920E71FE900718AAF /* Release */ = {
			isa = XCBuildConfiguration;
			buildSettings = {
				ALWAYS_EMBED_SWIFT_STANDARD_LIBRARIES = YES;
				BUNDLE_LOADER = "$(TEST_HOST)";
				CODE_SIGN_STYLE = Automatic;
				DEVELOPMENT_TEAM = S5R4QX8SJS;
				INFOPLIST_FILE = ClickerTests/Info.plist;
				LD_RUNPATH_SEARCH_PATHS = "$(inherited) @executable_path/Frameworks @loader_path/Frameworks";
				PRODUCT_BUNDLE_IDENTIFIER = com.derpydm.ClickerTests;
				PRODUCT_NAME = "$(TARGET_NAME)";
				SWIFT_VERSION = 4.0;
				TARGETED_DEVICE_FAMILY = "1,2";
				TEST_HOST = "$(BUILT_PRODUCTS_DIR)/Clicker.app/Clicker";
			};
			name = Release;
		};
		CE1F656B20E71FE900718AAF /* Debug */ = {
			isa = XCBuildConfiguration;
			buildSettings = {
				ALWAYS_EMBED_SWIFT_STANDARD_LIBRARIES = YES;
				CODE_SIGN_STYLE = Automatic;
				DEVELOPMENT_TEAM = S5R4QX8SJS;
				INFOPLIST_FILE = ClickerUITests/Info.plist;
				LD_RUNPATH_SEARCH_PATHS = "$(inherited) @executable_path/Frameworks @loader_path/Frameworks";
				PRODUCT_BUNDLE_IDENTIFIER = com.derpydm.ClickerUITests;
				PRODUCT_NAME = "$(TARGET_NAME)";
				SWIFT_VERSION = 4.0;
				TARGETED_DEVICE_FAMILY = "1,2";
				TEST_TARGET_NAME = Clicker;
			};
			name = Debug;
		};
		CE1F656C20E71FE900718AAF /* Release */ = {
			isa = XCBuildConfiguration;
			buildSettings = {
				ALWAYS_EMBED_SWIFT_STANDARD_LIBRARIES = YES;
				CODE_SIGN_STYLE = Automatic;
				DEVELOPMENT_TEAM = S5R4QX8SJS;
				INFOPLIST_FILE = ClickerUITests/Info.plist;
				LD_RUNPATH_SEARCH_PATHS = "$(inherited) @executable_path/Frameworks @loader_path/Frameworks";
				PRODUCT_BUNDLE_IDENTIFIER = com.derpydm.ClickerUITests;
				PRODUCT_NAME = "$(TARGET_NAME)";
				SWIFT_VERSION = 4.0;
				TARGETED_DEVICE_FAMILY = "1,2";
				TEST_TARGET_NAME = Clicker;
			};
			name = Release;
		};
/* End XCBuildConfiguration section */

/* Begin XCConfigurationList section */
		CE1F653720E71FE800718AAF /* Build configuration list for PBXProject "Clicker" */ = {
			isa = XCConfigurationList;
			buildConfigurations = (
				CE1F656220E71FE900718AAF /* Debug */,
				CE1F656320E71FE900718AAF /* Release */,
			);
			defaultConfigurationIsVisible = 0;
			defaultConfigurationName = Release;
		};
		CE1F656420E71FE900718AAF /* Build configuration list for PBXNativeTarget "Clicker" */ = {
			isa = XCConfigurationList;
			buildConfigurations = (
				CE1F656520E71FE900718AAF /* Debug */,
				CE1F656620E71FE900718AAF /* Release */,
			);
			defaultConfigurationIsVisible = 0;
			defaultConfigurationName = Release;
		};
		CE1F656720E71FE900718AAF /* Build configuration list for PBXNativeTarget "ClickerTests" */ = {
			isa = XCConfigurationList;
			buildConfigurations = (
				CE1F656820E71FE900718AAF /* Debug */,
				CE1F656920E71FE900718AAF /* Release */,
			);
			defaultConfigurationIsVisible = 0;
			defaultConfigurationName = Release;
		};
		CE1F656A20E71FE900718AAF /* Build configuration list for PBXNativeTarget "ClickerUITests" */ = {
			isa = XCConfigurationList;
			buildConfigurations = (
				CE1F656B20E71FE900718AAF /* Debug */,
				CE1F656C20E71FE900718AAF /* Release */,
			);
			defaultConfigurationIsVisible = 0;
			defaultConfigurationName = Release;
		};
/* End XCConfigurationList section */
	};
	rootObject = CE1F653420E71FE800718AAF /* Project object */;
}
